
Microsoft Visual Studio Solution File, Format Version 12.00
# Visual Studio Version 16
VisualStudioVersion = 16.0.30011.22
MinimumVisualStudioVersion = 10.0.40219.1
Project("{FAE04EC0-301F-11D3-BF4B-00C04F79EFBC}") = "ProductStatistics", "ProductStatistics\ProductStatistics.csproj", "{B1DBF0CB-01C4-438E-A302-5C6ADF615270}"
EndProject
Global
	GlobalSection(SolutionConfigurationPlatforms) = preSolution
		Debug|Any CPU = Debug|Any CPU
		Release|Any CPU = Release|Any CPU
	EndGlobalSection
	GlobalSection(ProjectConfigurationPlatforms) = postSolution
		{B1DBF0CB-01C4-438E-A302-5C6ADF615270}.Debug|Any CPU.ActiveCfg = Debug|Any CPU
		{B1DBF0CB-01C4-438E-A302-5C6ADF615270}.Debug|Any CPU.Build.0 = Debug|Any CPU
		{B1DBF0CB-01C4-438E-A302-5C6ADF615270}.Release|Any CPU.ActiveCfg = Release|Any CPU
		{B1DBF0CB-01C4-438E-A302-5C6ADF615270}.Release|Any CPU.Build.0 = Release|Any CPU
	EndGlobalSection
	GlobalSection(SolutionProperties) = preSolution
		HideSolutionNode = FALSE
	EndGlobalSection
	GlobalSection(ExtensibilityGlobals) = postSolution
		SolutionGuid = {0DE0C8F3-E214-4856-97AE-1E9472E545A4}
	EndGlobalSection
EndGlobal
